// !$*UTF8*$!
{
	archiveVersion = 1;
	classes = {
	};
	objectVersion = 55;
	objects = {

/* Begin PBXBuildFile section */
		E472A0AD2ADD889700B837CB /* Your_NotesApp.swift in Sources */ = {isa = PBXBuildFile; fileRef = E472A0AC2ADD889700B837CB /* Your_NotesApp.swift */; };
		E472A0AF2ADD889700B837CB /* MainScreen.swift in Sources */ = {isa = PBXBuildFile; fileRef = E472A0AE2ADD889700B837CB /* MainScreen.swift */; };
		E472A0B12ADD889900B837CB /* Assets.xcassets in Resources */ = {isa = PBXBuildFile; fileRef = E472A0B02ADD889900B837CB /* Assets.xcassets */; };
		E472A0B42ADD889900B837CB /* Preview Assets.xcassets in Resources */ = {isa = PBXBuildFile; fileRef = E472A0B32ADD889900B837CB /* Preview Assets.xcassets */; };
		E472A0C12ADD8B5B00B837CB /* .gitignore in Resources */ = {isa = PBXBuildFile; fileRef = E472A0C02ADD8B5B00B837CB /* .gitignore */; };
		E472A0C32ADD93E700B837CB /* Colors.xcassets in Resources */ = {isa = PBXBuildFile; fileRef = E472A0C22ADD93E700B837CB /* Colors.xcassets */; };
		E472A0C62ADD97B400B837CB /* ColorManager.swift in Sources */ = {isa = PBXBuildFile; fileRef = E472A0C52ADD97B400B837CB /* ColorManager.swift */; };
		E472A0C82ADD98BC00B837CB /* MainScreenViews.swift in Sources */ = {isa = PBXBuildFile; fileRef = E472A0C72ADD98BC00B837CB /* MainScreenViews.swift */; };
		E472A0CF2ADD9EF400B837CB /* HomeScreen.swift in Sources */ = {isa = PBXBuildFile; fileRef = E472A0CE2ADD9EF400B837CB /* HomeScreen.swift */; };
		E472A0D22ADDAD0800B837CB /* SearchBar.swift in Sources */ = {isa = PBXBuildFile; fileRef = E472A0D12ADDAD0800B837CB /* SearchBar.swift */; };
		E472A0D42ADDD2A500B837CB /* NotesSorting.swift in Sources */ = {isa = PBXBuildFile; fileRef = E472A0D32ADDD2A500B837CB /* NotesSorting.swift */; };
		E472A0D82ADDD66800B837CB /* NoteContentType.swift in Sources */ = {isa = PBXBuildFile; fileRef = E472A0D72ADDD66800B837CB /* NoteContentType.swift */; };
		E472A0DE2ADDD97500B837CB /* HomeScreenBody.swift in Sources */ = {isa = PBXBuildFile; fileRef = E472A0DD2ADDD97500B837CB /* HomeScreenBody.swift */; };
		E472A0E02ADDDA8700B837CB /* Note.swift in Sources */ = {isa = PBXBuildFile; fileRef = E472A0DF2ADDDA8700B837CB /* Note.swift */; };
		E472A0E22ADDDEB700B837CB /* NoteShortView.swift in Sources */ = {isa = PBXBuildFile; fileRef = E472A0E12ADDDEB700B837CB /* NoteShortView.swift */; };
		E472A0E52ADDE6AA00B837CB /* View.swift in Sources */ = {isa = PBXBuildFile; fileRef = E472A0E42ADDE6AA00B837CB /* View.swift */; };
		E472A0E72ADDE7B600B837CB /* Color.swift in Sources */ = {isa = PBXBuildFile; fileRef = E472A0E62ADDE7B600B837CB /* Color.swift */; };
		E472A0EC2ADECA0900B837CB /* TextSectionShortNote.swift in Sources */ = {isa = PBXBuildFile; fileRef = E472A0EB2ADECA0900B837CB /* TextSectionShortNote.swift */; };
		E472A0EE2ADECA7700B837CB /* ToDoSectionShortNote.swift in Sources */ = {isa = PBXBuildFile; fileRef = E472A0ED2ADECA7700B837CB /* ToDoSectionShortNote.swift */; };
		E472A0F02ADECAF600B837CB /* VoiceNoteSectionShortNote.swift in Sources */ = {isa = PBXBuildFile; fileRef = E472A0EF2ADECAF600B837CB /* VoiceNoteSectionShortNote.swift */; };
		E472A0F32ADECE2700B837CB /* AudioRecordingPlayingManager.swift in Sources */ = {isa = PBXBuildFile; fileRef = E472A0F22ADECE2700B837CB /* AudioRecordingPlayingManager.swift */; };
		E472A0F62ADEDC8B00B837CB /* DSWaveformImage in Frameworks */ = {isa = PBXBuildFile; productRef = E472A0F52ADEDC8B00B837CB /* DSWaveformImage */; };
		E472A0F82ADEDC8B00B837CB /* DSWaveformImageViews in Frameworks */ = {isa = PBXBuildFile; productRef = E472A0F72ADEDC8B00B837CB /* DSWaveformImageViews */; };
		E472A0FB2ADEECD800B837CB /* HomeRoutingDestinations.swift in Sources */ = {isa = PBXBuildFile; fileRef = E472A0FA2ADEECD800B837CB /* HomeRoutingDestinations.swift */; };
		E472A1002ADEF15C00B837CB /* NewNoteScreen.swift in Sources */ = {isa = PBXBuildFile; fileRef = E472A0FF2ADEF15C00B837CB /* NewNoteScreen.swift */; };
		E472A1032ADEF27D00B837CB /* NoteFormTextField.swift in Sources */ = {isa = PBXBuildFile; fileRef = E472A1022ADEF27D00B837CB /* NoteFormTextField.swift */; };
		E472A1052ADEF54400B837CB /* NoteAddSectionButton.swift in Sources */ = {isa = PBXBuildFile; fileRef = E472A1042ADEF54400B837CB /* NoteAddSectionButton.swift */; };
		E49AA19F2AE04C2B0093AF99 /* NoteColorSelector.swift in Sources */ = {isa = PBXBuildFile; fileRef = E49AA19E2AE04C2B0093AF99 /* NoteColorSelector.swift */; };
		E49AA1A12AE052FE0093AF99 /* NoteTagSelector.swift in Sources */ = {isa = PBXBuildFile; fileRef = E49AA1A02AE052FE0093AF99 /* NoteTagSelector.swift */; };
		E49AA1A82AE085130093AF99 /* GalleryPicker.swift in Sources */ = {isa = PBXBuildFile; fileRef = E49AA1A72AE085130093AF99 /* GalleryPicker.swift */; };
		E4B402292AE0975F00746769 /* CameraScreen.swift in Sources */ = {isa = PBXBuildFile; fileRef = E4B402282AE0975F00746769 /* CameraScreen.swift */; };
		E4B402302AE18DDB00746769 /* VoiceRecordingView.swift in Sources */ = {isa = PBXBuildFile; fileRef = E4B4022F2AE18DDB00746769 /* VoiceRecordingView.swift */; };
		E4B402362AE2E26B00746769 /* VoiceRecordingPreview.swift in Sources */ = {isa = PBXBuildFile; fileRef = E4B402352AE2E26B00746769 /* VoiceRecordingPreview.swift */; };
		E4BBEF9A2AE7189800C46A94 /* DrawingCanvasViewController.swift in Sources */ = {isa = PBXBuildFile; fileRef = E4BBEF992AE7189800C46A94 /* DrawingCanvasViewController.swift */; };
		E4BBEF9C2AE71C1E00C46A94 /* DrawingCanvasViewForm.swift in Sources */ = {isa = PBXBuildFile; fileRef = E4BBEF9B2AE71C1E00C46A94 /* DrawingCanvasViewForm.swift */; };
		E4BBEF9E2AE721C800C46A94 /* DrawingViewForm.swift in Sources */ = {isa = PBXBuildFile; fileRef = E4BBEF9D2AE721C800C46A94 /* DrawingViewForm.swift */; };
		E4BBEFA22AE80AEF00C46A94 /* DataManager.swift in Sources */ = {isa = PBXBuildFile; fileRef = E4BBEFA12AE80AEF00C46A94 /* DataManager.swift */; };
		E4BBEFB02AE82C6200C46A94 /* NewNoteTagSectionViewViewModel.swift in Sources */ = {isa = PBXBuildFile; fileRef = E4BBEFAF2AE82C6200C46A94 /* NewNoteTagSectionViewViewModel.swift */; };
		E4BBEFB22AE82E8D00C46A94 /* NewNoteTagSectionView.swift in Sources */ = {isa = PBXBuildFile; fileRef = E4BBEFB12AE82E8D00C46A94 /* NewNoteTagSectionView.swift */; };
		E4BBEFB42AE82F7F00C46A94 /* Text.swift in Sources */ = {isa = PBXBuildFile; fileRef = E4BBEFB32AE82F7F00C46A94 /* Text.swift */; };
		E4BBEFB92AE8378000C46A94 /* NewNoteColorSectionViewModel.swift in Sources */ = {isa = PBXBuildFile; fileRef = E4BBEFB82AE8378000C46A94 /* NewNoteColorSectionViewModel.swift */; };
		E4BBEFBF2AE85B9200C46A94 /* NoteData.xcdatamodeld in Sources */ = {isa = PBXBuildFile; fileRef = E4BBEFBD2AE85B9200C46A94 /* NoteData.xcdatamodeld */; };
		E4BBEFC12AE85F4500C46A94 /* NewNoteColorSectionView.swift in Sources */ = {isa = PBXBuildFile; fileRef = E4BBEFC02AE85F4500C46A94 /* NewNoteColorSectionView.swift */; };
		E4BBEFC32AE8640500C46A94 /* Color.json in Resources */ = {isa = PBXBuildFile; fileRef = E4BBEFC22AE8640500C46A94 /* Color.json */; };
		E4C3B7702AE0250300923492 /* AddNewNoteViewModel.swift in Sources */ = {isa = PBXBuildFile; fileRef = E4C3B76F2AE0250300923492 /* AddNewNoteViewModel.swift */; };
		E4C3B7722AE0316000923492 /* SubtaskNoteEditor.swift in Sources */ = {isa = PBXBuildFile; fileRef = E4C3B7712AE0316000923492 /* SubtaskNoteEditor.swift */; };
/* End PBXBuildFile section */

/* Begin PBXFileReference section */
		E472A0A92ADD889700B837CB /* Your Notes.app */ = {isa = PBXFileReference; explicitFileType = wrapper.application; includeInIndex = 0; path = "Your Notes.app"; sourceTree = BUILT_PRODUCTS_DIR; };
		E472A0AC2ADD889700B837CB /* Your_NotesApp.swift */ = {isa = PBXFileReference; lastKnownFileType = sourcecode.swift; path = Your_NotesApp.swift; sourceTree = "<group>"; };
		E472A0AE2ADD889700B837CB /* MainScreen.swift */ = {isa = PBXFileReference; lastKnownFileType = sourcecode.swift; path = MainScreen.swift; sourceTree = "<group>"; };
		E472A0B02ADD889900B837CB /* Assets.xcassets */ = {isa = PBXFileReference; lastKnownFileType = folder.assetcatalog; path = Assets.xcassets; sourceTree = "<group>"; };
		E472A0B32ADD889900B837CB /* Preview Assets.xcassets */ = {isa = PBXFileReference; lastKnownFileType = folder.assetcatalog; path = "Preview Assets.xcassets"; sourceTree = "<group>"; };
		E472A0C02ADD8B5B00B837CB /* .gitignore */ = {isa = PBXFileReference; lastKnownFileType = text; path = .gitignore; sourceTree = "<group>"; };
		E472A0C22ADD93E700B837CB /* Colors.xcassets */ = {isa = PBXFileReference; lastKnownFileType = folder.assetcatalog; path = Colors.xcassets; sourceTree = "<group>"; };
		E472A0C52ADD97B400B837CB /* ColorManager.swift */ = {isa = PBXFileReference; lastKnownFileType = sourcecode.swift; path = ColorManager.swift; sourceTree = "<group>"; };
		E472A0C72ADD98BC00B837CB /* MainScreenViews.swift */ = {isa = PBXFileReference; lastKnownFileType = sourcecode.swift; name = MainScreenViews.swift; path = "Your Notes/Managers/MainScreenViews.swift"; sourceTree = SOURCE_ROOT; };
		E472A0CE2ADD9EF400B837CB /* HomeScreen.swift */ = {isa = PBXFileReference; lastKnownFileType = sourcecode.swift; path = HomeScreen.swift; sourceTree = "<group>"; };
		E472A0D12ADDAD0800B837CB /* SearchBar.swift */ = {isa = PBXFileReference; lastKnownFileType = sourcecode.swift; path = SearchBar.swift; sourceTree = "<group>"; };
		E472A0D32ADDD2A500B837CB /* NotesSorting.swift */ = {isa = PBXFileReference; lastKnownFileType = sourcecode.swift; path = NotesSorting.swift; sourceTree = "<group>"; };
		E472A0D72ADDD66800B837CB /* NoteContentType.swift */ = {isa = PBXFileReference; lastKnownFileType = sourcecode.swift; path = NoteContentType.swift; sourceTree = "<group>"; };
		E472A0DD2ADDD97500B837CB /* HomeScreenBody.swift */ = {isa = PBXFileReference; lastKnownFileType = sourcecode.swift; path = HomeScreenBody.swift; sourceTree = "<group>"; };
		E472A0DF2ADDDA8700B837CB /* Note.swift */ = {isa = PBXFileReference; lastKnownFileType = sourcecode.swift; path = Note.swift; sourceTree = "<group>"; };
		E472A0E12ADDDEB700B837CB /* NoteShortView.swift */ = {isa = PBXFileReference; lastKnownFileType = sourcecode.swift; path = NoteShortView.swift; sourceTree = "<group>"; };
		E472A0E42ADDE6AA00B837CB /* View.swift */ = {isa = PBXFileReference; lastKnownFileType = sourcecode.swift; path = View.swift; sourceTree = "<group>"; };
		E472A0E62ADDE7B600B837CB /* Color.swift */ = {isa = PBXFileReference; lastKnownFileType = sourcecode.swift; path = Color.swift; sourceTree = "<group>"; };
		E472A0EB2ADECA0900B837CB /* TextSectionShortNote.swift */ = {isa = PBXFileReference; lastKnownFileType = sourcecode.swift; path = TextSectionShortNote.swift; sourceTree = "<group>"; };
		E472A0ED2ADECA7700B837CB /* ToDoSectionShortNote.swift */ = {isa = PBXFileReference; lastKnownFileType = sourcecode.swift; path = ToDoSectionShortNote.swift; sourceTree = "<group>"; };
		E472A0EF2ADECAF600B837CB /* VoiceNoteSectionShortNote.swift */ = {isa = PBXFileReference; lastKnownFileType = sourcecode.swift; path = VoiceNoteSectionShortNote.swift; sourceTree = "<group>"; };
		E472A0F22ADECE2700B837CB /* AudioRecordingPlayingManager.swift */ = {isa = PBXFileReference; lastKnownFileType = sourcecode.swift; path = AudioRecordingPlayingManager.swift; sourceTree = "<group>"; };
		E472A0FA2ADEECD800B837CB /* HomeRoutingDestinations.swift */ = {isa = PBXFileReference; lastKnownFileType = sourcecode.swift; path = HomeRoutingDestinations.swift; sourceTree = "<group>"; };
		E472A0FF2ADEF15C00B837CB /* NewNoteScreen.swift */ = {isa = PBXFileReference; lastKnownFileType = sourcecode.swift; path = NewNoteScreen.swift; sourceTree = "<group>"; };
		E472A1022ADEF27D00B837CB /* NoteFormTextField.swift */ = {isa = PBXFileReference; lastKnownFileType = sourcecode.swift; path = NoteFormTextField.swift; sourceTree = "<group>"; };
		E472A1042ADEF54400B837CB /* NoteAddSectionButton.swift */ = {isa = PBXFileReference; lastKnownFileType = sourcecode.swift; path = NoteAddSectionButton.swift; sourceTree = "<group>"; };
		E49AA19E2AE04C2B0093AF99 /* NoteColorSelector.swift */ = {isa = PBXFileReference; lastKnownFileType = sourcecode.swift; path = NoteColorSelector.swift; sourceTree = "<group>"; };
		E49AA1A02AE052FE0093AF99 /* NoteTagSelector.swift */ = {isa = PBXFileReference; lastKnownFileType = sourcecode.swift; path = NoteTagSelector.swift; sourceTree = "<group>"; };
		E49AA1A72AE085130093AF99 /* GalleryPicker.swift */ = {isa = PBXFileReference; lastKnownFileType = sourcecode.swift; path = GalleryPicker.swift; sourceTree = "<group>"; };
		E4B402282AE0975F00746769 /* CameraScreen.swift */ = {isa = PBXFileReference; lastKnownFileType = sourcecode.swift; path = CameraScreen.swift; sourceTree = "<group>"; };
		E4B4022F2AE18DDB00746769 /* VoiceRecordingView.swift */ = {isa = PBXFileReference; lastKnownFileType = sourcecode.swift; path = VoiceRecordingView.swift; sourceTree = "<group>"; };
		E4B402352AE2E26B00746769 /* VoiceRecordingPreview.swift */ = {isa = PBXFileReference; lastKnownFileType = sourcecode.swift; path = VoiceRecordingPreview.swift; sourceTree = "<group>"; };
		E4BBEF992AE7189800C46A94 /* DrawingCanvasViewController.swift */ = {isa = PBXFileReference; lastKnownFileType = sourcecode.swift; path = DrawingCanvasViewController.swift; sourceTree = "<group>"; };
		E4BBEF9B2AE71C1E00C46A94 /* DrawingCanvasViewForm.swift */ = {isa = PBXFileReference; lastKnownFileType = sourcecode.swift; path = DrawingCanvasViewForm.swift; sourceTree = "<group>"; };
		E4BBEF9D2AE721C800C46A94 /* DrawingViewForm.swift */ = {isa = PBXFileReference; lastKnownFileType = sourcecode.swift; path = DrawingViewForm.swift; sourceTree = "<group>"; };
		E4BBEFA12AE80AEF00C46A94 /* DataManager.swift */ = {isa = PBXFileReference; lastKnownFileType = sourcecode.swift; path = DataManager.swift; sourceTree = "<group>"; };
		E4BBEFAF2AE82C6200C46A94 /* NewNoteTagSectionViewViewModel.swift */ = {isa = PBXFileReference; lastKnownFileType = sourcecode.swift; path = NewNoteTagSectionViewViewModel.swift; sourceTree = "<group>"; };
		E4BBEFB12AE82E8D00C46A94 /* NewNoteTagSectionView.swift */ = {isa = PBXFileReference; lastKnownFileType = sourcecode.swift; path = NewNoteTagSectionView.swift; sourceTree = "<group>"; };
		E4BBEFB32AE82F7F00C46A94 /* Text.swift */ = {isa = PBXFileReference; lastKnownFileType = sourcecode.swift; path = Text.swift; sourceTree = "<group>"; };
		E4BBEFB82AE8378000C46A94 /* NewNoteColorSectionViewModel.swift */ = {isa = PBXFileReference; lastKnownFileType = sourcecode.swift; path = NewNoteColorSectionViewModel.swift; sourceTree = "<group>"; };
		E4BBEFBE2AE85B9200C46A94 /* NoteData.xcdatamodel */ = {isa = PBXFileReference; lastKnownFileType = wrapper.xcdatamodel; path = NoteData.xcdatamodel; sourceTree = "<group>"; };
		E4BBEFC02AE85F4500C46A94 /* NewNoteColorSectionView.swift */ = {isa = PBXFileReference; lastKnownFileType = sourcecode.swift; name = NewNoteColorSectionView.swift; path = "Your Notes/CoreData/NewNoteColorSectionView.swift"; sourceTree = SOURCE_ROOT; };
		E4BBEFC22AE8640500C46A94 /* Color.json */ = {isa = PBXFileReference; lastKnownFileType = text.json; path = Color.json; sourceTree = "<group>"; };
		E4C3B76F2AE0250300923492 /* AddNewNoteViewModel.swift */ = {isa = PBXFileReference; lastKnownFileType = sourcecode.swift; path = AddNewNoteViewModel.swift; sourceTree = "<group>"; };
		E4C3B7712AE0316000923492 /* SubtaskNoteEditor.swift */ = {isa = PBXFileReference; lastKnownFileType = sourcecode.swift; path = SubtaskNoteEditor.swift; sourceTree = "<group>"; };
/* End PBXFileReference section */

/* Begin PBXFrameworksBuildPhase section */
		E472A0A62ADD889700B837CB /* Frameworks */ = {
			isa = PBXFrameworksBuildPhase;
			buildActionMask = 2147483647;
			files = (
				E472A0F62ADEDC8B00B837CB /* DSWaveformImage in Frameworks */,
				E472A0F82ADEDC8B00B837CB /* DSWaveformImageViews in Frameworks */,
			);
			runOnlyForDeploymentPostprocessing = 0;
		};
/* End PBXFrameworksBuildPhase section */

/* Begin PBXGroup section */
		E472A0A02ADD889700B837CB = {
			isa = PBXGroup;
			children = (
				E472A0C02ADD8B5B00B837CB /* .gitignore */,
				E472A0AB2ADD889700B837CB /* Your Notes */,
				E472A0AA2ADD889700B837CB /* Products */,
			);
			sourceTree = "<group>";
		};
		E472A0AA2ADD889700B837CB /* Products */ = {
			isa = PBXGroup;
			children = (
				E472A0A92ADD889700B837CB /* Your Notes.app */,
			);
			name = Products;
			sourceTree = "<group>";
		};
		E472A0AB2ADD889700B837CB /* Your Notes */ = {
			isa = PBXGroup;
			children = (
				E4BBEF942AE7180600C46A94 /* CoreData */,
				E472A0F92ADEECB000B837CB /* Routing */,
				E472A0E32ADDE69E00B837CB /* Extensions */,
				E472A0C42ADD97A800B837CB /* Managers */,
				E472A0D92ADDD76A00B837CB /* GlobalComponents */,
				E472A0BA2ADD899F00B837CB /* Scenes */,
				E472A0AC2ADD889700B837CB /* Your_NotesApp.swift */,
				E472A0B02ADD889900B837CB /* Assets.xcassets */,
				E472A0B22ADD889900B837CB /* Preview Content */,
				E472A0C22ADD93E700B837CB /* Colors.xcassets */,
			);
			path = "Your Notes";
			sourceTree = "<group>";
		};
		E472A0B22ADD889900B837CB /* Preview Content */ = {
			isa = PBXGroup;
			children = (
				E472A0B32ADD889900B837CB /* Preview Assets.xcassets */,
			);
			path = "Preview Content";
			sourceTree = "<group>";
		};
		E472A0BA2ADD899F00B837CB /* Scenes */ = {
			isa = PBXGroup;
			children = (
				E472A0BB2ADD89AA00B837CB /* MainScreen */,
				E49AA1A22AE07F750093AF99 /* HomeScreens */,
			);
			path = Scenes;
			sourceTree = "<group>";
		};
		E472A0BB2ADD89AA00B837CB /* MainScreen */ = {
			isa = PBXGroup;
			children = (
				E472A0BE2ADD89CB00B837CB /* ViewModel */,
				E472A0BD2ADD89C400B837CB /* Views */,
				E472A0BC2ADD89B900B837CB /* Models */,
			);
			path = MainScreen;
			sourceTree = "<group>";
		};
		E472A0BC2ADD89B900B837CB /* Models */ = {
			isa = PBXGroup;
			children = (
				E472A0C72ADD98BC00B837CB /* MainScreenViews.swift */,
			);
			path = Models;
			sourceTree = "<group>";
		};
		E472A0BD2ADD89C400B837CB /* Views */ = {
			isa = PBXGroup;
			children = (
				E472A0BF2ADD89D500B837CB /* MainView */,
			);
			path = Views;
			sourceTree = "<group>";
		};
		E472A0BE2ADD89CB00B837CB /* ViewModel */ = {
			isa = PBXGroup;
			children = (
			);
			path = ViewModel;
			sourceTree = "<group>";
		};
		E472A0BF2ADD89D500B837CB /* MainView */ = {
			isa = PBXGroup;
			children = (
				E472A0AE2ADD889700B837CB /* MainScreen.swift */,
			);
			path = MainView;
			sourceTree = "<group>";
		};
		E472A0C42ADD97A800B837CB /* Managers */ = {
			isa = PBXGroup;
			children = (
				E472A0C52ADD97B400B837CB /* ColorManager.swift */,
				E472A0F22ADECE2700B837CB /* AudioRecordingPlayingManager.swift */,
			);
			path = Managers;
			sourceTree = "<group>";
		};
		E472A0C92ADD9EA400B837CB /* Home */ = {
			isa = PBXGroup;
			children = (
				E472A0CC2ADD9EDD00B837CB /* ViewModel */,
				E472A0CB2ADD9ED900B837CB /* View */,
				E472A0CA2ADD9ED400B837CB /* Model */,
			);
			path = Home;
			sourceTree = "<group>";
		};
		E472A0CA2ADD9ED400B837CB /* Model */ = {
			isa = PBXGroup;
			children = (
				E472A0D32ADDD2A500B837CB /* NotesSorting.swift */,
				E472A0D72ADDD66800B837CB /* NoteContentType.swift */,
				E472A0DF2ADDDA8700B837CB /* Note.swift */,
			);
			path = Model;
			sourceTree = "<group>";
		};
		E472A0CB2ADD9ED900B837CB /* View */ = {
			isa = PBXGroup;
			children = (
				E472A0CD2ADD9EE600B837CB /* MainView */,
				E472A0D02ADDACF700B837CB /* Components */,
			);
			path = View;
			sourceTree = "<group>";
		};
		E472A0CC2ADD9EDD00B837CB /* ViewModel */ = {
			isa = PBXGroup;
			children = (
			);
			path = ViewModel;
			sourceTree = "<group>";
		};
		E472A0CD2ADD9EE600B837CB /* MainView */ = {
			isa = PBXGroup;
			children = (
				E472A0CE2ADD9EF400B837CB /* HomeScreen.swift */,
			);
			path = MainView;
			sourceTree = "<group>";
		};
		E472A0D02ADDACF700B837CB /* Components */ = {
			isa = PBXGroup;
			children = (
				E472A0DD2ADDD97500B837CB /* HomeScreenBody.swift */,
			);
			path = Components;
			sourceTree = "<group>";
		};
		E472A0D92ADDD76A00B837CB /* GlobalComponents */ = {
			isa = PBXGroup;
			children = (
				E4B4022B2AE09AFD00746769 /* NoteMedia */,
				E472A1012ADEF26300B837CB /* NoteForms */,
				E472A0E92ADEC9DA00B837CB /* NoteView */,
				E472A0D12ADDAD0800B837CB /* SearchBar.swift */,
			);
			path = GlobalComponents;
			sourceTree = "<group>";
		};
		E472A0E32ADDE69E00B837CB /* Extensions */ = {
			isa = PBXGroup;
			children = (
				E472A0E42ADDE6AA00B837CB /* View.swift */,
				E472A0E62ADDE7B600B837CB /* Color.swift */,
				E4BBEFB32AE82F7F00C46A94 /* Text.swift */,
			);
			path = Extensions;
			sourceTree = "<group>";
		};
		E472A0E92ADEC9DA00B837CB /* NoteView */ = {
			isa = PBXGroup;
			children = (
				E472A0EA2ADEC9EE00B837CB /* Sections */,
				E472A0E12ADDDEB700B837CB /* NoteShortView.swift */,
			);
			path = NoteView;
			sourceTree = "<group>";
		};
		E472A0EA2ADEC9EE00B837CB /* Sections */ = {
			isa = PBXGroup;
			children = (
				E472A0EB2ADECA0900B837CB /* TextSectionShortNote.swift */,
				E472A0ED2ADECA7700B837CB /* ToDoSectionShortNote.swift */,
				E472A0EF2ADECAF600B837CB /* VoiceNoteSectionShortNote.swift */,
			);
			path = Sections;
			sourceTree = "<group>";
		};
		E472A0F92ADEECB000B837CB /* Routing */ = {
			isa = PBXGroup;
			children = (
				E472A0FA2ADEECD800B837CB /* HomeRoutingDestinations.swift */,
			);
			path = Routing;
			sourceTree = "<group>";
		};
		E472A0FC2ADEF12800B837CB /* AddNote */ = {
			isa = PBXGroup;
			children = (
				E4C3B76E2AE024EF00923492 /* ViewModel */,
				E472A0FD2ADEF13300B837CB /* View */,
			);
			path = AddNote;
			sourceTree = "<group>";
		};
		E472A0FD2ADEF13300B837CB /* View */ = {
			isa = PBXGroup;
			children = (
				E472A0FE2ADEF13F00B837CB /* MainView */,
				E4B4022C2AE09C3E00746769 /* Components */,
			);
			path = View;
			sourceTree = "<group>";
		};
		E472A0FE2ADEF13F00B837CB /* MainView */ = {
			isa = PBXGroup;
			children = (
				E472A0FF2ADEF15C00B837CB /* NewNoteScreen.swift */,
			);
			path = MainView;
			sourceTree = "<group>";
		};
		E472A1012ADEF26300B837CB /* NoteForms */ = {
			isa = PBXGroup;
			children = (
				E472A1022ADEF27D00B837CB /* NoteFormTextField.swift */,
				E472A1042ADEF54400B837CB /* NoteAddSectionButton.swift */,
				E4C3B7712AE0316000923492 /* SubtaskNoteEditor.swift */,
				E49AA19E2AE04C2B0093AF99 /* NoteColorSelector.swift */,
				E49AA1A02AE052FE0093AF99 /* NoteTagSelector.swift */,
			);
			path = NoteForms;
			sourceTree = "<group>";
		};
		E49AA1A22AE07F750093AF99 /* HomeScreens */ = {
			isa = PBXGroup;
			children = (
				E472A0FC2ADEF12800B837CB /* AddNote */,
				E472A0C92ADD9EA400B837CB /* Home */,
			);
			path = HomeScreens;
			sourceTree = "<group>";
		};
		E49AA1A42AE080000093AF99 /* Gallery */ = {
			isa = PBXGroup;
			children = (
				E49AA1A72AE085130093AF99 /* GalleryPicker.swift */,
			);
			path = Gallery;
			sourceTree = "<group>";
		};
		E4B402272AE096F100746769 /* Camera */ = {
			isa = PBXGroup;
			children = (
				E4B402282AE0975F00746769 /* CameraScreen.swift */,
			);
			path = Camera;
			sourceTree = "<group>";
		};
		E4B4022A2AE09AC000746769 /* VoiceRecording */ = {
			isa = PBXGroup;
			children = (
				E4B4022F2AE18DDB00746769 /* VoiceRecordingView.swift */,
				E4B402352AE2E26B00746769 /* VoiceRecordingPreview.swift */,
			);
			path = VoiceRecording;
			sourceTree = "<group>";
		};
		E4B4022B2AE09AFD00746769 /* NoteMedia */ = {
			isa = PBXGroup;
			children = (
				E4BBEF982AE7186A00C46A94 /* Drawing */,
				E4B4022A2AE09AC000746769 /* VoiceRecording */,
				E4B402272AE096F100746769 /* Camera */,
				E49AA1A42AE080000093AF99 /* Gallery */,
			);
			path = NoteMedia;
			sourceTree = "<group>";
		};
		E4B4022C2AE09C3E00746769 /* Components */ = {
			isa = PBXGroup;
			children = (
				E4BBEFB52AE8376000C46A94 /* ColorSection */,
				E4BBEFAC2AE82C0600C46A94 /* TagSection */,
			);
			path = Components;
			sourceTree = "<group>";
		};
		E4BBEF942AE7180600C46A94 /* CoreData */ = {
			isa = PBXGroup;
			children = (
				E4BBEFA12AE80AEF00C46A94 /* DataManager.swift */,
				E4BBEFBD2AE85B9200C46A94 /* NoteData.xcdatamodeld */,
				E4BBEFC22AE8640500C46A94 /* Color.json */,
			);
			path = CoreData;
			sourceTree = "<group>";
		};
		E4BBEF982AE7186A00C46A94 /* Drawing */ = {
			isa = PBXGroup;
			children = (
				E4BBEF992AE7189800C46A94 /* DrawingCanvasViewController.swift */,
				E4BBEF9B2AE71C1E00C46A94 /* DrawingCanvasViewForm.swift */,
				E4BBEF9D2AE721C800C46A94 /* DrawingViewForm.swift */,
			);
			path = Drawing;
			sourceTree = "<group>";
		};
		E4BBEFAC2AE82C0600C46A94 /* TagSection */ = {
			isa = PBXGroup;
			children = (
				E4BBEFAE2AE82C3E00C46A94 /* ViewModel */,
				E4BBEFAD2AE82C3300C46A94 /* View */,
			);
			path = TagSection;
			sourceTree = "<group>";
		};
		E4BBEFAD2AE82C3300C46A94 /* View */ = {
			isa = PBXGroup;
			children = (
				E4BBEFB12AE82E8D00C46A94 /* NewNoteTagSectionView.swift */,
			);
			path = View;
			sourceTree = "<group>";
		};
		E4BBEFAE2AE82C3E00C46A94 /* ViewModel */ = {
			isa = PBXGroup;
			children = (
				E4BBEFAF2AE82C6200C46A94 /* NewNoteTagSectionViewViewModel.swift */,
			);
			path = ViewModel;
			sourceTree = "<group>";
		};
		E4BBEFB52AE8376000C46A94 /* ColorSection */ = {
			isa = PBXGroup;
			children = (
				E4BBEFB62AE8376900C46A94 /* ViewModel */,
				E4BBEFB72AE8376D00C46A94 /* View */,
			);
			path = ColorSection;
			sourceTree = "<group>";
		};
		E4BBEFB62AE8376900C46A94 /* ViewModel */ = {
			isa = PBXGroup;
			children = (
				E4BBEFB82AE8378000C46A94 /* NewNoteColorSectionViewModel.swift */,
			);
			path = ViewModel;
			sourceTree = "<group>";
		};
		E4BBEFB72AE8376D00C46A94 /* View */ = {
			isa = PBXGroup;
			children = (
				E4BBEFC02AE85F4500C46A94 /* NewNoteColorSectionView.swift */,
			);
			path = View;
			sourceTree = "<group>";
		};
		E4C3B76E2AE024EF00923492 /* ViewModel */ = {
			isa = PBXGroup;
			children = (
				E4C3B76F2AE0250300923492 /* AddNewNoteViewModel.swift */,
			);
			path = ViewModel;
			sourceTree = "<group>";
		};
/* End PBXGroup section */

/* Begin PBXNativeTarget section */
		E472A0A82ADD889700B837CB /* Your Notes */ = {
			isa = PBXNativeTarget;
			buildConfigurationList = E472A0B72ADD889900B837CB /* Build configuration list for PBXNativeTarget "Your Notes" */;
			buildPhases = (
				E472A0A52ADD889700B837CB /* Sources */,
				E472A0A62ADD889700B837CB /* Frameworks */,
				E472A0A72ADD889700B837CB /* Resources */,
			);
			buildRules = (
			);
			dependencies = (
			);
			name = "Your Notes";
			packageProductDependencies = (
				E472A0F52ADEDC8B00B837CB /* DSWaveformImage */,
				E472A0F72ADEDC8B00B837CB /* DSWaveformImageViews */,
			);
			productName = "Your Notes";
			productReference = E472A0A92ADD889700B837CB /* Your Notes.app */;
			productType = "com.apple.product-type.application";
		};
/* End PBXNativeTarget section */

/* Begin PBXProject section */
		E472A0A12ADD889700B837CB /* Project object */ = {
			isa = PBXProject;
			attributes = {
				BuildIndependentTargetsInParallel = 1;
				LastSwiftUpdateCheck = 1500;
				LastUpgradeCheck = 1500;
				TargetAttributes = {
					E472A0A82ADD889700B837CB = {
						CreatedOnToolsVersion = 15.0;
					};
				};
			};
			buildConfigurationList = E472A0A42ADD889700B837CB /* Build configuration list for PBXProject "Your Notes" */;
			compatibilityVersion = "Xcode 13.0";
			developmentRegion = en;
			hasScannedForEncodings = 0;
			knownRegions = (
				en,
				Base,
			);
			mainGroup = E472A0A02ADD889700B837CB;
			packageReferences = (
				E472A0F42ADEDC8B00B837CB /* XCRemoteSwiftPackageReference "DSWaveformImage" */,
			);
			productRefGroup = E472A0AA2ADD889700B837CB /* Products */;
			projectDirPath = "";
			projectRoot = "";
			targets = (
				E472A0A82ADD889700B837CB /* Your Notes */,
			);
		};
/* End PBXProject section */

/* Begin PBXResourcesBuildPhase section */
		E472A0A72ADD889700B837CB /* Resources */ = {
			isa = PBXResourcesBuildPhase;
			buildActionMask = 2147483647;
			files = (
				E472A0B42ADD889900B837CB /* Preview Assets.xcassets in Resources */,
				E472A0C32ADD93E700B837CB /* Colors.xcassets in Resources */,
				E472A0C12ADD8B5B00B837CB /* .gitignore in Resources */,
				E4BBEFC32AE8640500C46A94 /* Color.json in Resources */,
				E472A0B12ADD889900B837CB /* Assets.xcassets in Resources */,
			);
			runOnlyForDeploymentPostprocessing = 0;
		};
/* End PBXResourcesBuildPhase section */

/* Begin PBXSourcesBuildPhase section */
		E472A0A52ADD889700B837CB /* Sources */ = {
			isa = PBXSourcesBuildPhase;
			buildActionMask = 2147483647;
			files = (
				E472A0C62ADD97B400B837CB /* ColorManager.swift in Sources */,
				E472A1032ADEF27D00B837CB /* NoteFormTextField.swift in Sources */,
				E49AA1A82AE085130093AF99 /* GalleryPicker.swift in Sources */,
				E4C3B7702AE0250300923492 /* AddNewNoteViewModel.swift in Sources */,
				E472A0F02ADECAF600B837CB /* VoiceNoteSectionShortNote.swift in Sources */,
				E4C3B7722AE0316000923492 /* SubtaskNoteEditor.swift in Sources */,
				E472A0AF2ADD889700B837CB /* MainScreen.swift in Sources */,
				E472A0D42ADDD2A500B837CB /* NotesSorting.swift in Sources */,
				E472A0D82ADDD66800B837CB /* NoteContentType.swift in Sources */,
				E4BBEFC12AE85F4500C46A94 /* NewNoteColorSectionView.swift in Sources */,
				E4BBEFA22AE80AEF00C46A94 /* DataManager.swift in Sources */,
				E4BBEF9E2AE721C800C46A94 /* DrawingViewForm.swift in Sources */,
				E4BBEFB02AE82C6200C46A94 /* NewNoteTagSectionViewViewModel.swift in Sources */,
				E4B402362AE2E26B00746769 /* VoiceRecordingPreview.swift in Sources */,
				E472A0E72ADDE7B600B837CB /* Color.swift in Sources */,
				E4BBEFB42AE82F7F00C46A94 /* Text.swift in Sources */,
				E472A0F32ADECE2700B837CB /* AudioRecordingPlayingManager.swift in Sources */,
				E472A0E22ADDDEB700B837CB /* NoteShortView.swift in Sources */,
				E472A0FB2ADEECD800B837CB /* HomeRoutingDestinations.swift in Sources */,
				E4B402302AE18DDB00746769 /* VoiceRecordingView.swift in Sources */,
				E472A0AD2ADD889700B837CB /* Your_NotesApp.swift in Sources */,
				E472A0E02ADDDA8700B837CB /* Note.swift in Sources */,
				E472A0DE2ADDD97500B837CB /* HomeScreenBody.swift in Sources */,
				E472A1052ADEF54400B837CB /* NoteAddSectionButton.swift in Sources */,
				E472A0E52ADDE6AA00B837CB /* View.swift in Sources */,
				E4BBEF9C2AE71C1E00C46A94 /* DrawingCanvasViewForm.swift in Sources */,
				E49AA1A12AE052FE0093AF99 /* NoteTagSelector.swift in Sources */,
				E4BBEF9A2AE7189800C46A94 /* DrawingCanvasViewController.swift in Sources */,
				E472A0C82ADD98BC00B837CB /* MainScreenViews.swift in Sources */,
				E4BBEFB22AE82E8D00C46A94 /* NewNoteTagSectionView.swift in Sources */,
				E472A0CF2ADD9EF400B837CB /* HomeScreen.swift in Sources */,
				E4BBEFB92AE8378000C46A94 /* NewNoteColorSectionViewModel.swift in Sources */,
				E472A0D22ADDAD0800B837CB /* SearchBar.swift in Sources */,
				E472A0EC2ADECA0900B837CB /* TextSectionShortNote.swift in Sources */,
				E49AA19F2AE04C2B0093AF99 /* NoteColorSelector.swift in Sources */,
				E4BBEFBF2AE85B9200C46A94 /* NoteData.xcdatamodeld in Sources */,
				E472A1002ADEF15C00B837CB /* NewNoteScreen.swift in Sources */,
				E4B402292AE0975F00746769 /* CameraScreen.swift in Sources */,
				E472A0EE2ADECA7700B837CB /* ToDoSectionShortNote.swift in Sources */,
			);
			runOnlyForDeploymentPostprocessing = 0;
		};
/* End PBXSourcesBuildPhase section */

/* Begin XCBuildConfiguration section */
		E472A0B52ADD889900B837CB /* Debug */ = {
			isa = XCBuildConfiguration;
			buildSettings = {
				ALWAYS_SEARCH_USER_PATHS = NO;
				ASSETCATALOG_COMPILER_GENERATE_SWIFT_ASSET_SYMBOL_EXTENSIONS = YES;
				CLANG_ANALYZER_NONNULL = YES;
				CLANG_ANALYZER_NUMBER_OBJECT_CONVERSION = YES_AGGRESSIVE;
				CLANG_CXX_LANGUAGE_STANDARD = "gnu++20";
				CLANG_ENABLE_MODULES = YES;
				CLANG_ENABLE_OBJC_ARC = YES;
				CLANG_ENABLE_OBJC_WEAK = YES;
				CLANG_WARN_BLOCK_CAPTURE_AUTORELEASING = YES;
				CLANG_WARN_BOOL_CONVERSION = YES;
				CLANG_WARN_COMMA = YES;
				CLANG_WARN_CONSTANT_CONVERSION = YES;
				CLANG_WARN_DEPRECATED_OBJC_IMPLEMENTATIONS = YES;
				CLANG_WARN_DIRECT_OBJC_ISA_USAGE = YES_ERROR;
				CLANG_WARN_DOCUMENTATION_COMMENTS = YES;
				CLANG_WARN_EMPTY_BODY = YES;
				CLANG_WARN_ENUM_CONVERSION = YES;
				CLANG_WARN_INFINITE_RECURSION = YES;
				CLANG_WARN_INT_CONVERSION = YES;
				CLANG_WARN_NON_LITERAL_NULL_CONVERSION = YES;
				CLANG_WARN_OBJC_IMPLICIT_RETAIN_SELF = YES;
				CLANG_WARN_OBJC_LITERAL_CONVERSION = YES;
				CLANG_WARN_OBJC_ROOT_CLASS = YES_ERROR;
				CLANG_WARN_QUOTED_INCLUDE_IN_FRAMEWORK_HEADER = YES;
				CLANG_WARN_RANGE_LOOP_ANALYSIS = YES;
				CLANG_WARN_STRICT_PROTOTYPES = YES;
				CLANG_WARN_SUSPICIOUS_MOVE = YES;
				CLANG_WARN_UNGUARDED_AVAILABILITY = YES_AGGRESSIVE;
				CLANG_WARN_UNREACHABLE_CODE = YES;
				CLANG_WARN__DUPLICATE_METHOD_MATCH = YES;
				COPY_PHASE_STRIP = NO;
				DEBUG_INFORMATION_FORMAT = dwarf;
				ENABLE_STRICT_OBJC_MSGSEND = YES;
				ENABLE_TESTABILITY = YES;
				ENABLE_USER_SCRIPT_SANDBOXING = YES;
				GCC_C_LANGUAGE_STANDARD = gnu17;
				GCC_DYNAMIC_NO_PIC = NO;
				GCC_NO_COMMON_BLOCKS = YES;
				GCC_OPTIMIZATION_LEVEL = 0;
				GCC_PREPROCESSOR_DEFINITIONS = (
					"DEBUG=1",
					"$(inherited)",
				);
				GCC_WARN_64_TO_32_BIT_CONVERSION = YES;
				GCC_WARN_ABOUT_RETURN_TYPE = YES_ERROR;
				GCC_WARN_UNDECLARED_SELECTOR = YES;
				GCC_WARN_UNINITIALIZED_AUTOS = YES_AGGRESSIVE;
				GCC_WARN_UNUSED_FUNCTION = YES;
				GCC_WARN_UNUSED_VARIABLE = YES;
				IPHONEOS_DEPLOYMENT_TARGET = 17.0;
				LOCALIZATION_PREFERS_STRING_CATALOGS = YES;
				MTL_ENABLE_DEBUG_INFO = INCLUDE_SOURCE;
				MTL_FAST_MATH = YES;
				ONLY_ACTIVE_ARCH = YES;
				SDKROOT = iphoneos;
				SWIFT_ACTIVE_COMPILATION_CONDITIONS = "DEBUG $(inherited)";
				SWIFT_OPTIMIZATION_LEVEL = "-Onone";
			};
			name = Debug;
		};
		E472A0B62ADD889900B837CB /* Release */ = {
			isa = XCBuildConfiguration;
			buildSettings = {
				ALWAYS_SEARCH_USER_PATHS = NO;
				ASSETCATALOG_COMPILER_GENERATE_SWIFT_ASSET_SYMBOL_EXTENSIONS = YES;
				CLANG_ANALYZER_NONNULL = YES;
				CLANG_ANALYZER_NUMBER_OBJECT_CONVERSION = YES_AGGRESSIVE;
				CLANG_CXX_LANGUAGE_STANDARD = "gnu++20";
				CLANG_ENABLE_MODULES = YES;
				CLANG_ENABLE_OBJC_ARC = YES;
				CLANG_ENABLE_OBJC_WEAK = YES;
				CLANG_WARN_BLOCK_CAPTURE_AUTORELEASING = YES;
				CLANG_WARN_BOOL_CONVERSION = YES;
				CLANG_WARN_COMMA = YES;
				CLANG_WARN_CONSTANT_CONVERSION = YES;
				CLANG_WARN_DEPRECATED_OBJC_IMPLEMENTATIONS = YES;
				CLANG_WARN_DIRECT_OBJC_ISA_USAGE = YES_ERROR;
				CLANG_WARN_DOCUMENTATION_COMMENTS = YES;
				CLANG_WARN_EMPTY_BODY = YES;
				CLANG_WARN_ENUM_CONVERSION = YES;
				CLANG_WARN_INFINITE_RECURSION = YES;
				CLANG_WARN_INT_CONVERSION = YES;
				CLANG_WARN_NON_LITERAL_NULL_CONVERSION = YES;
				CLANG_WARN_OBJC_IMPLICIT_RETAIN_SELF = YES;
				CLANG_WARN_OBJC_LITERAL_CONVERSION = YES;
				CLANG_WARN_OBJC_ROOT_CLASS = YES_ERROR;
				CLANG_WARN_QUOTED_INCLUDE_IN_FRAMEWORK_HEADER = YES;
				CLANG_WARN_RANGE_LOOP_ANALYSIS = YES;
				CLANG_WARN_STRICT_PROTOTYPES = YES;
				CLANG_WARN_SUSPICIOUS_MOVE = YES;
				CLANG_WARN_UNGUARDED_AVAILABILITY = YES_AGGRESSIVE;
				CLANG_WARN_UNREACHABLE_CODE = YES;
				CLANG_WARN__DUPLICATE_METHOD_MATCH = YES;
				COPY_PHASE_STRIP = NO;
				DEBUG_INFORMATION_FORMAT = "dwarf-with-dsym";
				ENABLE_NS_ASSERTIONS = NO;
				ENABLE_STRICT_OBJC_MSGSEND = YES;
				ENABLE_USER_SCRIPT_SANDBOXING = YES;
				GCC_C_LANGUAGE_STANDARD = gnu17;
				GCC_NO_COMMON_BLOCKS = YES;
				GCC_WARN_64_TO_32_BIT_CONVERSION = YES;
				GCC_WARN_ABOUT_RETURN_TYPE = YES_ERROR;
				GCC_WARN_UNDECLARED_SELECTOR = YES;
				GCC_WARN_UNINITIALIZED_AUTOS = YES_AGGRESSIVE;
				GCC_WARN_UNUSED_FUNCTION = YES;
				GCC_WARN_UNUSED_VARIABLE = YES;
				IPHONEOS_DEPLOYMENT_TARGET = 17.0;
				LOCALIZATION_PREFERS_STRING_CATALOGS = YES;
				MTL_ENABLE_DEBUG_INFO = NO;
				MTL_FAST_MATH = YES;
				SDKROOT = iphoneos;
				SWIFT_COMPILATION_MODE = wholemodule;
				VALIDATE_PRODUCT = YES;
			};
			name = Release;
		};
		E472A0B82ADD889900B837CB /* Debug */ = {
			isa = XCBuildConfiguration;
			buildSettings = {
				ASSETCATALOG_COMPILER_APPICON_NAME = AppIcon;
				ASSETCATALOG_COMPILER_GLOBAL_ACCENT_COLOR_NAME = AccentColor;
				CODE_SIGN_STYLE = Automatic;
				CURRENT_PROJECT_VERSION = 1;
				DEVELOPMENT_ASSET_PATHS = "\"Your Notes/Preview Content\"";
				DEVELOPMENT_TEAM = 84X4SX763A;
				ENABLE_PREVIEWS = YES;
				GENERATE_INFOPLIST_FILE = YES;
				INFOPLIST_KEY_NSCameraUsageDescription = Temporal;
				INFOPLIST_KEY_UIApplicationSceneManifest_Generation = YES;
				INFOPLIST_KEY_UIApplicationSupportsIndirectInputEvents = YES;
				INFOPLIST_KEY_UILaunchScreen_Generation = YES;
				INFOPLIST_KEY_UISupportedInterfaceOrientations_iPad = "UIInterfaceOrientationPortrait UIInterfaceOrientationPortraitUpsideDown UIInterfaceOrientationLandscapeLeft UIInterfaceOrientationLandscapeRight";
				INFOPLIST_KEY_UISupportedInterfaceOrientations_iPhone = "UIInterfaceOrientationPortrait UIInterfaceOrientationLandscapeLeft UIInterfaceOrientationLandscapeRight";
				IPHONEOS_DEPLOYMENT_TARGET = 16.0;
				LD_RUNPATH_SEARCH_PATHS = (
					"$(inherited)",
					"@executable_path/Frameworks",
				);
				MARKETING_VERSION = 1.0;
				PRODUCT_BUNDLE_IDENTIFIER = "franco.M.Your-Notes";
				PRODUCT_NAME = "$(TARGET_NAME)";
				SWIFT_EMIT_LOC_STRINGS = YES;
				SWIFT_VERSION = 5.0;
				TARGETED_DEVICE_FAMILY = "1,2";
			};
			name = Debug;
		};
		E472A0B92ADD889900B837CB /* Release */ = {
			isa = XCBuildConfiguration;
			buildSettings = {
				ASSETCATALOG_COMPILER_APPICON_NAME = AppIcon;
				ASSETCATALOG_COMPILER_GLOBAL_ACCENT_COLOR_NAME = AccentColor;
				CODE_SIGN_STYLE = Automatic;
				CURRENT_PROJECT_VERSION = 1;
				DEVELOPMENT_ASSET_PATHS = "\"Your Notes/Preview Content\"";
				DEVELOPMENT_TEAM = 84X4SX763A;
				ENABLE_PREVIEWS = YES;
				GENERATE_INFOPLIST_FILE = YES;
				INFOPLIST_KEY_NSCameraUsageDescription = Temporal;
				INFOPLIST_KEY_UIApplicationSceneManifest_Generation = YES;
				INFOPLIST_KEY_UIApplicationSupportsIndirectInputEvents = YES;
				INFOPLIST_KEY_UILaunchScreen_Generation = YES;
				INFOPLIST_KEY_UISupportedInterfaceOrientations_iPad = "UIInterfaceOrientationPortrait UIInterfaceOrientationPortraitUpsideDown UIInterfaceOrientationLandscapeLeft UIInterfaceOrientationLandscapeRight";
				INFOPLIST_KEY_UISupportedInterfaceOrientations_iPhone = "UIInterfaceOrientationPortrait UIInterfaceOrientationLandscapeLeft UIInterfaceOrientationLandscapeRight";
				IPHONEOS_DEPLOYMENT_TARGET = 16.0;
				LD_RUNPATH_SEARCH_PATHS = (
					"$(inherited)",
					"@executable_path/Frameworks",
				);
				MARKETING_VERSION = 1.0;
				PRODUCT_BUNDLE_IDENTIFIER = "franco.M.Your-Notes";
				PRODUCT_NAME = "$(TARGET_NAME)";
				SWIFT_EMIT_LOC_STRINGS = YES;
				SWIFT_VERSION = 5.0;
				TARGETED_DEVICE_FAMILY = "1,2";
			};
			name = Release;
		};
/* End XCBuildConfiguration section */

/* Begin XCConfigurationList section */
		E472A0A42ADD889700B837CB /* Build configuration list for PBXProject "Your Notes" */ = {
			isa = XCConfigurationList;
			buildConfigurations = (
				E472A0B52ADD889900B837CB /* Debug */,
				E472A0B62ADD889900B837CB /* Release */,
			);
			defaultConfigurationIsVisible = 0;
			defaultConfigurationName = Release;
		};
		E472A0B72ADD889900B837CB /* Build configuration list for PBXNativeTarget "Your Notes" */ = {
			isa = XCConfigurationList;
			buildConfigurations = (
				E472A0B82ADD889900B837CB /* Debug */,
				E472A0B92ADD889900B837CB /* Release */,
			);
			defaultConfigurationIsVisible = 0;
			defaultConfigurationName = Release;
		};
/* End XCConfigurationList section */

/* Begin XCRemoteSwiftPackageReference section */
		E472A0F42ADEDC8B00B837CB /* XCRemoteSwiftPackageReference "DSWaveformImage" */ = {
			isa = XCRemoteSwiftPackageReference;
			repositoryURL = "https://github.com/dmrschmidt/DSWaveformImage";
			requirement = {
				kind = upToNextMajorVersion;
				minimumVersion = 14.0.0;
			};
		};
/* End XCRemoteSwiftPackageReference section */

/* Begin XCSwiftPackageProductDependency section */
		E472A0F52ADEDC8B00B837CB /* DSWaveformImage */ = {
			isa = XCSwiftPackageProductDependency;
			package = E472A0F42ADEDC8B00B837CB /* XCRemoteSwiftPackageReference "DSWaveformImage" */;
			productName = DSWaveformImage;
		};
		E472A0F72ADEDC8B00B837CB /* DSWaveformImageViews */ = {
			isa = XCSwiftPackageProductDependency;
			package = E472A0F42ADEDC8B00B837CB /* XCRemoteSwiftPackageReference "DSWaveformImage" */;
			productName = DSWaveformImageViews;
		};
/* End XCSwiftPackageProductDependency section */

/* Begin XCVersionGroup section */
		E4BBEFBD2AE85B9200C46A94 /* NoteData.xcdatamodeld */ = {
			isa = XCVersionGroup;
			children = (
				E4BBEFBE2AE85B9200C46A94 /* NoteData.xcdatamodel */,
			);
			currentVersion = E4BBEFBE2AE85B9200C46A94 /* NoteData.xcdatamodel */;
			path = NoteData.xcdatamodeld;
			sourceTree = "<group>";
			versionGroupType = wrapper.xcdatamodel;
		};
/* End XCVersionGroup section */
	};
	rootObject = E472A0A12ADD889700B837CB /* Project object */;
}
